
Microsoft Visual Studio Solution File, Format Version 12.00
# Visual Studio Version 16
VisualStudioVersion = 16.0.30517.126
MinimumVisualStudioVersion = 10.0.40219.1
Project("{FAE04EC0-301F-11D3-BF4B-00C04F79EFBC}") = "Client_Barunaagumpamungkas_20180140014", "Client_Barunaagumpamungkas_20180140014\Client_Barunaagumpamungkas_20180140014.csproj", "{A9AAB81B-F1E7-4A10-8B37-A1C752A3B236}"
EndProject
Project("{FAE04EC0-301F-11D3-BF4B-00C04F79EFBC}") = "Server_Barunaagumpamungkas_20180140014", "Server_Barunaagumpamungkas_20180140014\Server_Barunaagumpamungkas_20180140014.csproj", "{87348106-EC62-4B39-BBE2-610E717472F8}"
EndProject
Global
	GlobalSection(SolutionConfigurationPlatforms) = preSolution
		Debug|Any CPU = Debug|Any CPU
		Release|Any CPU = Release|Any CPU
	EndGlobalSection
	GlobalSection(ProjectConfigurationPlatforms) = postSolution
		{A9AAB81B-F1E7-4A10-8B37-A1C752A3B236}.Debug|Any CPU.ActiveCfg = Debug|Any CPU
		{A9AAB81B-F1E7-4A10-8B37-A1C752A3B236}.Debug|Any CPU.Build.0 = Debug|Any CPU
		{A9AAB81B-F1E7-4A10-8B37-A1C752A3B236}.Release|Any CPU.ActiveCfg = Release|Any CPU
		{A9AAB81B-F1E7-4A10-8B37-A1C752A3B236}.Release|Any CPU.Build.0 = Release|Any CPU
		{87348106-EC62-4B39-BBE2-610E717472F8}.Debug|Any CPU.ActiveCfg = Debug|Any CPU
		{87348106-EC62-4B39-BBE2-610E717472F8}.Debug|Any CPU.Build.0 = Debug|Any CPU
		{87348106-EC62-4B39-BBE2-610E717472F8}.Release|Any CPU.ActiveCfg = Release|Any CPU
		{87348106-EC62-4B39-BBE2-610E717472F8}.Release|Any CPU.Build.0 = Release|Any CPU
	EndGlobalSection
	GlobalSection(SolutionProperties) = preSolution
		HideSolutionNode = FALSE
	EndGlobalSection
	GlobalSection(ExtensibilityGlobals) = postSolution
		SolutionGuid = {8DF2CE8B-91F3-4B05-90C4-B97BB58D95F8}
	EndGlobalSection
EndGlobal
